Microsoft Visual Studio Solution File, Format Version 12.00
# Visual Studio Version 17
VisualStudioVersion = 17.5.2.0
MinimumVisualStudioVersion = 10.0.40219.1
Project("{FAE04EC0-301F-11D3-BF4B-00C04F79EFBC}") = "Lab1ProductProject", "Lab1ProductProject.csproj", "{668F793A-CF0B-21B2-988A-5C3F2AAA9B8F}"
EndProject
Global
	GlobalSection(SolutionConfigurationPlatforms) = preSolution
		Debug|Any CPU = Debug|Any CPU
		Release|Any CPU = Release|Any CPU
	EndGlobalSection
	GlobalSection(ProjectConfigurationPlatforms) = postSolution
		{668F793A-CF0B-21B2-988A-5C3F2AAA9B8F}.Debug|Any CPU.ActiveCfg = Debug|Any CPU
		{668F793A-CF0B-21B2-988A-5C3F2AAA9B8F}.Debug|Any CPU.Build.0 = Debug|Any CPU
		{668F793A-CF0B-21B2-988A-5C3F2AAA9B8F}.Release|Any CPU.ActiveCfg = Release|Any CPU
		{668F793A-CF0B-21B2-988A-5C3F2AAA9B8F}.Release|Any CPU.Build.0 = Release|Any CPU
	EndGlobalSection
	GlobalSection(SolutionProperties) = preSolution
		HideSolutionNode = FALSE
	EndGlobalSection
	GlobalSection(ExtensibilityGlobals) = postSolution
		SolutionGuid = {ECC6DBC6-2ADC-4F65-8AA6-8D27BDDF7B89}
	EndGlobalSection
EndGlobal
